
Microsoft Visual Studio Solution File, Format Version 12.00
# Visual Studio Version 17
VisualStudioVersion = 17.5.002.0
MinimumVisualStudioVersion = 10.0.40219.1
Project("{9A19103F-16F7-4668-BE54-9A1E7A4F7556}") = "PaginationSample", "PaginationSample.csproj", "{D2E32ADA-4C26-462C-997D-8A123AA43329}"
EndProject
Global
	GlobalSection(SolutionConfigurationPlatforms) = preSolution
		Debug|Any CPU = Debug|Any CPU
		Release|Any CPU = Release|Any CPU
	EndGlobalSection
	GlobalSection(ProjectConfigurationPlatforms) = postSolution
		{D2E32ADA-4C26-462C-997D-8A123AA43329}.Debug|Any CPU.ActiveCfg = Debug|Any CPU
		{D2E32ADA-4C26-462C-997D-8A123AA43329}.Debug|Any CPU.Build.0 = Debug|Any CPU
		{D2E32ADA-4C26-462C-997D-8A123AA43329}.Release|Any CPU.ActiveCfg = Release|Any CPU
		{D2E32ADA-4C26-462C-997D-8A123AA43329}.Release|Any CPU.Build.0 = Release|Any CPU
	EndGlobalSection
	GlobalSection(SolutionProperties) = preSolution
		HideSolutionNode = FALSE
	EndGlobalSection
	GlobalSection(ExtensibilityGlobals) = postSolution
		SolutionGuid = {698BB2CD-C676-46CE-8E46-7A21464B043B}
	EndGlobalSection
EndGlobal
